
Microsoft Visual Studio Solution File, Format Version 12.00
# Visual Studio Version 17
VisualStudioVersion = 17.0.32014.148
MinimumVisualStudioVersion = 10.0.40219.1
Project("{9A19103F-16F7-4668-BE54-9A1E7A4F7556}") = "ALT_Security_SPA", "ALT_Security_SPA.csproj", "{9FA92600-4C43-4E09-9000-6D8451167468}"
EndProject
Global
	GlobalSection(SolutionConfigurationPlatforms) = preSolution
		Debug|Any CPU = Debug|Any CPU
		Release|Any CPU = Release|Any CPU
	EndGlobalSection
	GlobalSection(ProjectConfigurationPlatforms) = postSolution
		{9FA92600-4C43-4E09-9000-6D8451167468}.Debug|Any CPU.ActiveCfg = Debug|Any CPU
		{9FA92600-4C43-4E09-9000-6D8451167468}.Debug|Any CPU.Build.0 = Debug|Any CPU
		{9FA92600-4C43-4E09-9000-6D8451167468}.Release|Any CPU.ActiveCfg = Release|Any CPU
		{9FA92600-4C43-4E09-9000-6D8451167468}.Release|Any CPU.Build.0 = Release|Any CPU
	EndGlobalSection
	GlobalSection(SolutionProperties) = preSolution
		HideSolutionNode = FALSE
	EndGlobalSection
	GlobalSection(ExtensibilityGlobals) = postSolution
		SolutionGuid = {90E2BFC0-F5B5-42A3-95C5-0F65CE64E9B8}
	EndGlobalSection
EndGlobal
